<Solution>
  <Folder Name="/src/">
    <Project Path="src/FCG.Notifications.Domain/FCG.Notifications.Domain.csproj" />
    <Project Path="src/FCG.Notifications.Infrastructure/FCG.Notifications.Infrastructure.csproj" />
    <Project Path="src/FCG.Notifications.Worker/FCG.Notifications.Worker.csproj" />
  </Folder>
</Solution>
