
Microsoft Visual Studio Solution File, Format Version 12.00
# Visual Studio Version 17
VisualStudioVersion = 17.14.36414.22
MinimumVisualStudioVersion = 10.0.40219.1
Project("{FAE04EC0-301F-11D3-BF4B-00C04F79EFBC}") = "FCG.Notifications.Domain", "src\FCG.Notifications.Domain\FCG.Notifications.Domain.csproj", "{7992B021-1B4C-40BB-99A9-54AFE2E38CAD}"
EndProject
Project("{2150E333-8FDC-42A3-9474-1A3956D46DE8}") = "src", "src", "{02EA681E-C7D8-13C7-8484-4AC65E1B71E8}"
EndProject
Project("{FAE04EC0-301F-11D3-BF4B-00C04F79EFBC}") = "FCG.Notifications.Infrastructure", "src\FCG.Notifications.Infrastructure\FCG.Notifications.Infrastructure.csproj", "{DE1FDD16-7AAB-F37B-7B2B-F5D2C4E961BA}"
EndProject
Project("{FAE04EC0-301F-11D3-BF4B-00C04F79EFBC}") = "FCG.Notifications.Worker", "src\FCG.Notifications.Worker\FCG.Notifications.Worker.csproj", "{1DED1256-48A5-4FE1-8821-2870C55E3380}"
EndProject
Global
	GlobalSection(SolutionConfigurationPlatforms) = preSolution
		Debug|Any CPU = Debug|Any CPU
		Release|Any CPU = Release|Any CPU
	EndGlobalSection
	GlobalSection(ProjectConfigurationPlatforms) = postSolution
		{7992B021-1B4C-40BB-99A9-54AFE2E38CAD}.Debug|Any CPU.ActiveCfg = Debug|Any CPU
		{7992B021-1B4C-40BB-99A9-54AFE2E38CAD}.Debug|Any CPU.Build.0 = Debug|Any CPU
		{7992B021-1B4C-40BB-99A9-54AFE2E38CAD}.Release|Any CPU.ActiveCfg = Release|Any CPU
		{7992B021-1B4C-40BB-99A9-54AFE2E38CAD}.Release|Any CPU.Build.0 = Release|Any CPU
		{DE1FDD16-7AAB-F37B-7B2B-F5D2C4E961BA}.Debug|Any CPU.ActiveCfg = Debug|Any CPU
		{DE1FDD16-7AAB-F37B-7B2B-F5D2C4E961BA}.Debug|Any CPU.Build.0 = Debug|Any CPU
		{DE1FDD16-7AAB-F37B-7B2B-F5D2C4E961BA}.Release|Any CPU.ActiveCfg = Release|Any CPU
		{DE1FDD16-7AAB-F37B-7B2B-F5D2C4E961BA}.Release|Any CPU.Build.0 = Release|Any CPU
		{1DED1256-48A5-4FE1-8821-2870C55E3380}.Debug|Any CPU.ActiveCfg = Debug|Any CPU
		{1DED1256-48A5-4FE1-8821-2870C55E3380}.Debug|Any CPU.Build.0 = Debug|Any CPU
		{1DED1256-48A5-4FE1-8821-2870C55E3380}.Release|Any CPU.ActiveCfg = Release|Any CPU
		{1DED1256-48A5-4FE1-8821-2870C55E3380}.Release|Any CPU.Build.0 = Release|Any CPU
	EndGlobalSection
	GlobalSection(SolutionProperties) = preSolution
		HideSolutionNode = FALSE
	EndGlobalSection
	GlobalSection(NestedProjects) = preSolution
		{7992B021-1B4C-40BB-99A9-54AFE2E38CAD} = {02EA681E-C7D8-13C7-8484-4AC65E1B71E8}
		{DE1FDD16-7AAB-F37B-7B2B-F5D2C4E961BA} = {02EA681E-C7D8-13C7-8484-4AC65E1B71E8}
		{1DED1256-48A5-4FE1-8821-2870C55E3380} = {02EA681E-C7D8-13C7-8484-4AC65E1B71E8}
	EndGlobalSection
	GlobalSection(ExtensibilityGlobals) = postSolution
		SolutionGuid = {74CC4DDC-4310-4F97-9409-8A130719A219}
	EndGlobalSection
EndGlobal
